// !$*UTF8*$!
{
	archiveVersion = 1;
	classes = {
	};
	objectVersion = 46;
	objects = {

/* Begin PBXBuildFile section */
		DDDC070F1A9474F000B2925A /* main.m in Sources */ = {isa = PBXBuildFile; fileRef = DDDC070E1A9474F000B2925A /* main.m */; };
		DDDC07121A9474F000B2925A /* AppDelegate.m in Sources */ = {isa = PBXBuildFile; fileRef = DDDC07111A9474F000B2925A /* AppDelegate.m */; };
		DDDC07151A9474F000B2925A /* ViewController.m in Sources */ = {isa = PBXBuildFile; fileRef = DDDC07141A9474F000B2925A /* ViewController.m */; };
		DDDC07181A9474F000B2925A /* Main.storyboard in Resources */ = {isa = PBXBuildFile; fileRef = DDDC07161A9474F000B2925A /* Main.storyboard */; };
		DDDC071A1A9474F000B2925A /* Images.xcassets in Resources */ = {isa = PBXBuildFile; fileRef = DDDC07191A9474F000B2925A /* Images.xcassets */; };
		DDDC071D1A9474F000B2925A /* LaunchScreen.xib in Resources */ = {isa = PBXBuildFile; fileRef = DDDC071B1A9474F000B2925A /* LaunchScreen.xib */; };
		DDDC07291A9474F000B2925A /* WaterWaveTests.m in Sources */ = {isa = PBXBuildFile; fileRef = DDDC07281A9474F000B2925A /* WaterWaveTests.m */; };
/* End PBXBuildFile section */

/* Begin PBXContainerItemProxy section */
		DDDC07231A9474F000B2925A /* PBXContainerItemProxy */ = {
			isa = PBXContainerItemProxy;
			containerPortal = DDDC07011A9474F000B2925A /* Project object */;
			proxyType = 1;
			remoteGlobalIDString = DDDC07081A9474F000B2925A;
			remoteInfo = WaterWave;
		};
/* End PBXContainerItemProxy section */

/* Begin PBXFileReference section */
		DDDC07091A9474F000B2925A /* WaterWave.app */ = {isa = PBXFileReference; explicitFileType = wrapper.application; includeInIndex = 0; path = WaterWave.app; sourceTree = BUILT_PRODUCTS_DIR; };
		DDDC070D1A9474F000B2925A /* Info.plist */ = {isa = PBXFileReference; lastKnownFileType = text.plist.xml; path = Info.plist; sourceTree = "<group>"; };
		DDDC070E1A9474F000B2925A /* main.m */ = {isa = PBXFileReference; lastKnownFileType = sourcecode.c.objc; path = main.m; sourceTree = "<group>"; };
		DDDC07101A9474F000B2925A /* AppDelegate.h */ = {isa = PBXFileReference; lastKnownFileType = sourcecode.c.h; path = AppDelegate.h; sourceTree = "<group>"; };
		DDDC07111A9474F000B2925A /* AppDelegate.m */ = {isa = PBXFileReference; lastKnownFileType = sourcecode.c.objc; path = AppDelegate.m; sourceTree = "<group>"; };
		DDDC07131A9474F000B2925A /* ViewController.h */ = {isa = PBXFileReference; lastKnownFileType = sourcecode.c.h; path = ViewController.h; sourceTree = "<group>"; };
		DDDC07141A9474F000B2925A /* ViewController.m */ = {isa = PBXFileReference; lastKnownFileType = sourcecode.c.objc; path = ViewController.m; sourceTree = "<group>"; };
		DDDC07171A9474F000B2925A /* Base */ = {isa = PBXFileReference; lastKnownFileType = file.storyboard; name = Base; path = Base.lproj/Main.storyboard; sourceTree = "<group>"; };
		DDDC07191A9474F000B2925A /* Images.xcassets */ = {isa = PBXFileReference; lastKnownFileType = folder.assetcatalog; path = Images.xcassets; sourceTree = "<group>"; };
		DDDC071C1A9474F000B2925A /* Base */ = {isa = PBXFileReference; lastKnownFileType = file.xib; name = Base; path = Base.lproj/LaunchScreen.xib; sourceTree = "<group>"; };
		DDDC07221A9474F000B2925A /* WaterWaveTests.xctest */ = {isa = PBXFileReference; explicitFileType = wrapper.cfbundle; includeInIndex = 0; path = WaterWaveTests.xctest; sourceTree = BUILT_PRODUCTS_DIR; };
		DDDC07271A9474F000B2925A /* Info.plist */ = {isa = PBXFileReference; lastKnownFileType = text.plist.xml; path = Info.plist; sourceTree = "<group>"; };
		DDDC07281A9474F000B2925A /* WaterWaveTests.m */ = {isa = PBXFileReference; lastKnownFileType = sourcecode.c.objc; path = WaterWaveTests.m; sourceTree = "<group>"; };
/* End PBXFileReference section */

/* Begin PBXFrameworksBuildPhase section */
		DDDC07061A9474F000B2925A /* Frameworks */ = {
			isa = PBXFrameworksBuildPhase;
			buildActionMask = 2147483647;
			files = (
			);
			runOnlyForDeploymentPostprocessing = 0;
		};
		DDDC071F1A9474F000B2925A /* Frameworks */ = {
			isa = PBXFrameworksBuildPhase;
			buildActionMask = 2147483647;
			files = (
			);
			runOnlyForDeploymentPostprocessing = 0;
		};
/* End PBXFrameworksBuildPhase section */

/* Begin PBXGroup section */
		DDDC07001A9474F000B2925A = {
			isa = PBXGroup;
			children = (
				DDDC070B1A9474F000B2925A /* WaterWave */,
				DDDC07251A9474F000B2925A /* WaterWaveTests */,
				DDDC070A1A9474F000B2925A /* Products */,
			);
			sourceTree = "<group>";
		};
		DDDC070A1A9474F000B2925A /* Products */ = {
			isa = PBXGroup;
			children = (
				DDDC07091A9474F000B2925A /* WaterWave.app */,
				DDDC07221A9474F000B2925A /* WaterWaveTests.xctest */,
			);
			name = Products;
			sourceTree = "<group>";
		};
		DDDC070B1A9474F000B2925A /* WaterWave */ = {
			isa = PBXGroup;
			children = (
				DDDC07101A9474F000B2925A /* AppDelegate.h */,
				DDDC07111A9474F000B2925A /* AppDelegate.m */,
				DDDC07131A9474F000B2925A /* ViewController.h */,
				DDDC07141A9474F000B2925A /* ViewController.m */,
				DDDC07161A9474F000B2925A /* Main.storyboard */,
				DDDC07191A9474F000B2925A /* Images.xcassets */,
				DDDC071B1A9474F000B2925A /* LaunchScreen.xib */,
				DDDC070C1A9474F000B2925A /* Supporting Files */,
			);
			path = WaterWave;
			sourceTree = "<group>";
		};
		DDDC070C1A9474F000B2925A /* Supporting Files */ = {
			isa = PBXGroup;
			children = (
				DDDC070D1A9474F000B2925A /* Info.plist */,
				DDDC070E1A9474F000B2925A /* main.m */,
			);
			name = "Supporting Files";
			sourceTree = "<group>";
		};
		DDDC07251A9474F000B2925A /* WaterWaveTests */ = {
			isa = PBXGroup;
			children = (
				DDDC07281A9474F000B2925A /* WaterWaveTests.m */,
				DDDC07261A9474F000B2925A /* Supporting Files */,
			);
			path = WaterWaveTests;
			sourceTree = "<group>";
		};
		DDDC07261A9474F000B2925A /* Supporting Files */ = {
			isa = PBXGroup;
			children = (
				DDDC07271A9474F000B2925A /* Info.plist */,
			);
			name = "Supporting Files";
			sourceTree = "<group>";
		};
/* End PBXGroup section */

/* Begin PBXNativeTarget section */
		DDDC07081A9474F000B2925A /* WaterWave */ = {
			isa = PBXNativeTarget;
			buildConfigurationList = DDDC072C1A9474F000B2925A /* Build configuration list for PBXNativeTarget "WaterWave" */;
			buildPhases = (
				DDDC07051A9474F000B2925A /* Sources */,
				DDDC07061A9474F000B2925A /* Frameworks */,
				DDDC07071A9474F000B2925A /* Resources */,
			);
			buildRules = (
			);
			dependencies = (
			);
			name = WaterWave;
			productName = WaterWave;
			productReference = DDDC07091A9474F000B2925A /* WaterWave.app */;
			productType = "com.apple.product-type.application";
		};
		DDDC07211A9474F000B2925A /* WaterWaveTests */ = {
			isa = PBXNativeTarget;
			buildConfigurationList = DDDC072F1A9474F000B2925A /* Build configuration list for PBXNativeTarget "WaterWaveTests" */;
			buildPhases = (
				DDDC071E1A9474F000B2925A /* Sources */,
				DDDC071F1A9474F000B2925A /* Frameworks */,
				DDDC07201A9474F000B2925A /* Resources */,
			);
			buildRules = (
			);
			dependencies = (
				DDDC07241A9474F000B2925A /* PBXTargetDependency */,
			);
			name = WaterWaveTests;
			productName = WaterWaveTests;
			productReference = DDDC07221A9474F000B2925A /* WaterWaveTests.xctest */;
			productType = "com.apple.product-type.bundle.unit-test";
		};
/* End PBXNativeTarget section */

/* Begin PBXProject section */
		DDDC07011A9474F000B2925A /* Project object */ = {
			isa = PBXProject;
			attributes = {
				LastUpgradeCheck = 0610;
				ORGANIZATIONNAME = YingshanDeng;
				TargetAttributes = {
					DDDC07081A9474F000B2925A = {
						CreatedOnToolsVersion = 6.1.1;
					};
					DDDC07211A9474F000B2925A = {
						CreatedOnToolsVersion = 6.1.1;
						TestTargetID = DDDC07081A9474F000B2925A;
					};
				};
			};
			buildConfigurationList = DDDC07041A9474F000B2925A /* Build configuration list for PBXProject "WaterWave" */;
			compatibilityVersion = "Xcode 3.2";
			developmentRegion = English;
			hasScannedForEncodings = 0;
			knownRegions = (
				en,
				Base,
			);
			mainGroup = DDDC07001A9474F000B2925A;
			productRefGroup = DDDC070A1A9474F000B2925A /* Products */;
			projectDirPath = "";
			projectRoot = "";
			targets = (
				DDDC07081A9474F000B2925A /* WaterWave */,
				DDDC07211A9474F000B2925A /* WaterWaveTests */,
			);
		};
/* End PBXProject section */

/* Begin PBXResourcesBuildPhase section */
		DDDC07071A9474F000B2925A /* Resources */ = {
			isa = PBXResourcesBuildPhase;
			buildActionMask = 2147483647;
			files = (
				DDDC07181A9474F000B2925A /* Main.storyboard in Resources */,
				DDDC071D1A9474F000B2925A /* LaunchScreen.xib in Resources */,
				DDDC071A1A9474F000B2925A /* Images.xcassets in Resources */,
			);
			runOnlyForDeploymentPostprocessing = 0;
		};
		DDDC07201A9474F000B2925A /* Resources */ = {
			isa = PBXResourcesBuildPhase;
			buildActionMask = 2147483647;
			files = (
			);
			runOnlyForDeploymentPostprocessing = 0;
		};
/* End PBXResourcesBuildPhase section */

/* Begin PBXSourcesBuildPhase section */
		DDDC07051A9474F000B2925A /* Sources */ = {
			isa = PBXSourcesBuildPhase;
			buildActionMask = 2147483647;
			files = (
				DDDC07151A9474F000B2925A /* ViewController.m in Sources */,
				DDDC07121A9474F000B2925A /* AppDelegate.m in Sources */,
				DDDC070F1A9474F000B2925A /* main.m in Sources */,
			);
			runOnlyForDeploymentPostprocessing = 0;
		};
		DDDC071E1A9474F000B2925A /* Sources */ = {
			isa = PBXSourcesBuildPhase;
			buildActionMask = 2147483647;
			files = (
				DDDC07291A9474F000B2925A /* WaterWaveTests.m in Sources */,
			);
			runOnlyForDeploymentPostprocessing = 0;
		};
/* End PBXSourcesBuildPhase section */

/* Begin PBXTargetDependency section */
		DDDC07241A9474F000B2925A /* PBXTargetDependency */ = {
			isa = PBXTargetDependency;
			target = DDDC07081A9474F000B2925A /* WaterWave */;
			targetProxy = DDDC07231A9474F000B2925A /* PBXContainerItemProxy */;
		};
/* End PBXTargetDependency section */

/* Begin PBXVariantGroup section */
		DDDC07161A9474F000B2925A /* Main.storyboard */ = {
			isa = PBXVariantGroup;
			children = (
				DDDC07171A9474F000B2925A /* Base */,
			);
			name = Main.storyboard;
			sourceTree = "<group>";
		};
		DDDC071B1A9474F000B2925A /* LaunchScreen.xib */ = {
			isa = PBXVariantGroup;
			children = (
				DDDC071C1A9474F000B2925A /* Base */,
			);
			name = LaunchScreen.xib;
			sourceTree = "<group>";
		};
/* End PBXVariantGroup section */

/* Begin XCBuildConfiguration section */
		DDDC072A1A9474F000B2925A /* Debug */ = {
			isa = XCBuildConfiguration;
			buildSettings = {
				ALWAYS_SEARCH_USER_PATHS = NO;
				CLANG_CXX_LANGUAGE_STANDARD = "gnu++0x";
				CLANG_CXX_LIBRARY = "libc++";
				CLANG_ENABLE_MODULES = YES;
				CLANG_ENABLE_OBJC_ARC = YES;
				CLANG_WARN_BOOL_CONVERSION = YES;
				CLANG_WARN_CONSTANT_CONVERSION = YES;
				CLANG_WARN_DIRECT_OBJC_ISA_USAGE = YES_ERROR;
				CLANG_WARN_EMPTY_BODY = YES;
				CLANG_WARN_ENUM_CONVERSION = YES;
				CLANG_WARN_INT_CONVERSION = YES;
				CLANG_WARN_OBJC_ROOT_CLASS = YES_ERROR;
				CLANG_WARN_UNREACHABLE_CODE = YES;
				CLANG_WARN__DUPLICATE_METHOD_MATCH = YES;
				"CODE_SIGN_IDENTITY[sdk=iphoneos*]" = "iPhone Developer";
				COPY_PHASE_STRIP = NO;
				ENABLE_STRICT_OBJC_MSGSEND = YES;
				GCC_C_LANGUAGE_STANDARD = gnu99;
				GCC_DYNAMIC_NO_PIC = NO;
				GCC_OPTIMIZATION_LEVEL = 0;
				GCC_PREPROCESSOR_DEFINITIONS = (
					"DEBUG=1",
					"$(inherited)",
				);
				GCC_SYMBOLS_PRIVATE_EXTERN = NO;
				GCC_WARN_64_TO_32_BIT_CONVERSION = YES;
				GCC_WARN_ABOUT_RETURN_TYPE = YES_ERROR;
				GCC_WARN_UNDECLARED_SELECTOR = YES;
				GCC_WARN_UNINITIALIZED_AUTOS = YES_AGGRESSIVE;
				GCC_WARN_UNUSED_FUNCTION = YES;
				GCC_WARN_UNUSED_VARIABLE = YES;
				IPHONEOS_DEPLOYMENT_TARGET = 8.1;
				MTL_ENABLE_DEBUG_INFO = YES;
				ONLY_ACTIVE_ARCH = YES;
				SDKROOT = iphoneos;
			};
			name = Debug;
		};
		DDDC072B1A9474F000B2925A /* Release */ = {
			isa = XCBuildConfiguration;
			buildSettings = {
				ALWAYS_SEARCH_USER_PATHS = NO;
				CLANG_CXX_LANGUAGE_STANDARD = "gnu++0x";
				CLANG_CXX_LIBRARY = "libc++";
				CLANG_ENABLE_MODULES = YES;
				CLANG_ENABLE_OBJC_ARC = YES;
				CLANG_WARN_BOOL_CONVERSION = YES;
				CLANG_WARN_CONSTANT_CONVERSION = YES;
				CLANG_WARN_DIRECT_OBJC_ISA_USAGE = YES_ERROR;
				CLANG_WARN_EMPTY_BODY = YES;
				CLANG_WARN_ENUM_CONVERSION = YES;
				CLANG_WARN_INT_CONVERSION = YES;
				CLANG_WARN_OBJC_ROOT_CLASS = YES_ERROR;
				CLANG_WARN_UNREACHABLE_CODE = YES;
				CLANG_WARN__DUPLICATE_METHOD_MATCH = YES;
				"CODE_SIGN_IDENTITY[sdk=iphoneos*]" = "iPhone Developer";
				COPY_PHASE_STRIP = YES;
				ENABLE_NS_ASSERTIONS = NO;
				ENABLE_STRICT_OBJC_MSGSEND = YES;
				GCC_C_LANGUAGE_STANDARD = gnu99;
				GCC_WARN_64_TO_32_BIT_CONVERSION = YES;
				GCC_WARN_ABOUT_RETURN_TYPE = YES_ERROR;
				GCC_WARN_UNDECLARED_SELECTOR = YES;
				GCC_WARN_UNINITIALIZED_AUTOS = YES_AGGRESSIVE;
				GCC_WARN_UNUSED_FUNCTION = YES;
				GCC_WARN_UNUSED_VARIABLE = YES;
				IPHONEOS_DEPLOYMENT_TARGET = 8.1;
				MTL_ENABLE_DEBUG_INFO = NO;
				SDKROOT = iphoneos;
				VALIDATE_PRODUCT = YES;
			};
			name = Release;
		};
		DDDC072D1A9474F000B2925A /* Debug */ = {
			isa = XCBuildConfiguration;
			buildSettings = {
				ASSETCATALOG_COMPILER_APPICON_NAME = AppIcon;
				INFOPLIST_FILE = WaterWave/Info.plist;
				LD_RUNPATH_SEARCH_PATHS = "$(inherited) @executable_path/Frameworks";
				PRODUCT_NAME = "$(TARGET_NAME)";
			};
			name = Debug;
		};
		DDDC072E1A9474F000B2925A /* Release */ = {
			isa = XCBuildConfiguration;
			buildSettings = {
				ASSETCATALOG_COMPILER_APPICON_NAME = AppIcon;
				INFOPLIST_FILE = WaterWave/Info.plist;
				LD_RUNPATH_SEARCH_PATHS = "$(inherited) @executable_path/Frameworks";
				PRODUCT_NAME = "$(TARGET_NAME)";
			};
			name = Release;
		};
		DDDC07301A9474F000B2925A /* Debug */ = {
			isa = XCBuildConfiguration;
			buildSettings = {
				BUNDLE_LOADER = "$(TEST_HOST)";
				FRAMEWORK_SEARCH_PATHS = (
					"$(SDKROOT)/Developer/Library/Frameworks",
					"$(inherited)",
				);
				GCC_PREPROCESSOR_DEFINITIONS = (
					"DEBUG=1",
					"$(inherited)",
				);
				INFOPLIST_FILE = WaterWaveTests/Info.plist;
				LD_RUNPATH_SEARCH_PATHS = "$(inherited) @executable_path/Frameworks @loader_path/Frameworks";
				PRODUCT_NAME = "$(TARGET_NAME)";
				TEST_HOST = "$(BUILT_PRODUCTS_DIR)/WaterWave.app/WaterWave";
			};
			name = Debug;
		};
		DDDC07311A9474F000B2925A /* Release */ = {
			isa = XCBuildConfiguration;
			buildSettings = {
				BUNDLE_LOADER = "$(TEST_HOST)";
				FRAMEWORK_SEARCH_PATHS = (
					"$(SDKROOT)/Developer/Library/Frameworks",
					"$(inherited)",
				);
				INFOPLIST_FILE = WaterWaveTests/Info.plist;
				LD_RUNPATH_SEARCH_PATHS = "$(inherited) @executable_path/Frameworks @loader_path/Frameworks";
				PRODUCT_NAME = "$(TARGET_NAME)";
				TEST_HOST = "$(BUILT_PRODUCTS_DIR)/WaterWave.app/WaterWave";
			};
			name = Release;
		};
/* End XCBuildConfiguration section */

/* Begin XCConfigurationList section */
		DDDC07041A9474F000B2925A /* Build configuration list for PBXProject "WaterWave" */ = {
			isa = XCConfigurationList;
			buildConfigurations = (
				DDDC072A1A9474F000B2925A /* Debug */,
				DDDC072B1A9474F000B2925A /* Release */,
			);
			defaultConfigurationIsVisible = 0;
			defaultConfigurationName = Release;
		};
		DDDC072C1A9474F000B2925A /* Build configuration list for PBXNativeTarget "WaterWave" */ = {
			isa = XCConfigurationList;
			buildConfigurations = (
				DDDC072D1A9474F000B2925A /* Debug */,
				DDDC072E1A9474F000B2925A /* Release */,
			);
			defaultConfigurationIsVisible = 0;
		};
		DDDC072F1A9474F000B2925A /* Build configuration list for PBXNativeTarget "WaterWaveTests" */ = {
			isa = XCConfigurationList;
			buildConfigurations = (
				DDDC07301A9474F000B2925A /* Debug */,
				DDDC07311A9474F000B2925A /* Release */,
			);
			defaultConfigurationIsVisible = 0;
		};
/* End XCConfigurationList section */
	};
	rootObject = DDDC07011A9474F000B2925A /* Project object */;
}
